
Microsoft Visual Studio Solution File, Format Version 12.00
# Visual Studio Version 16
VisualStudioVersion = 16.0.30225.117
MinimumVisualStudioVersion = 10.0.40219.1
Project("{FAE04EC0-301F-11D3-BF4B-00C04F79EFBC}") = "My_agenda", "My_agenda\My_agenda.csproj", "{57179865-B660-4199-9F5F-87AB47E7E267}"
EndProject
Global
	GlobalSection(SolutionConfigurationPlatforms) = preSolution
		Debug|Any CPU = Debug|Any CPU
		Release|Any CPU = Release|Any CPU
	EndGlobalSection
	GlobalSection(ProjectConfigurationPlatforms) = postSolution
		{57179865-B660-4199-9F5F-87AB47E7E267}.Debug|Any CPU.ActiveCfg = Debug|Any CPU
		{57179865-B660-4199-9F5F-87AB47E7E267}.Debug|Any CPU.Build.0 = Debug|Any CPU
		{57179865-B660-4199-9F5F-87AB47E7E267}.Release|Any CPU.ActiveCfg = Release|Any CPU
		{57179865-B660-4199-9F5F-87AB47E7E267}.Release|Any CPU.Build.0 = Release|Any CPU
	EndGlobalSection
	GlobalSection(SolutionProperties) = preSolution
		HideSolutionNode = FALSE
	EndGlobalSection
	GlobalSection(ExtensibilityGlobals) = postSolution
		SolutionGuid = {37069BB7-8FFA-41EA-A06C-DBE7A824E26E}
	EndGlobalSection
EndGlobal
